
Microsoft Visual Studio Solution File, Format Version 12.00
# Visual Studio Version 17
VisualStudioVersion = 17.11.35312.102
MinimumVisualStudioVersion = 10.0.40219.1
Project("{888888A0-9F3D-457C-B088-3A5042F75D52}") = "problem38", "problem38.pyproj", "{6E978C9D-2C31-4582-9171-5D6EDEFF63A0}"
EndProject
Global
	GlobalSection(SolutionConfigurationPlatforms) = preSolution
		Debug|Any CPU = Debug|Any CPU
		Release|Any CPU = Release|Any CPU
	EndGlobalSection
	GlobalSection(ProjectConfigurationPlatforms) = postSolution
		{6E978C9D-2C31-4582-9171-5D6EDEFF63A0}.Debug|Any CPU.ActiveCfg = Debug|Any CPU
		{6E978C9D-2C31-4582-9171-5D6EDEFF63A0}.Release|Any CPU.ActiveCfg = Release|Any CPU
	EndGlobalSection
	GlobalSection(SolutionProperties) = preSolution
		HideSolutionNode = FALSE
	EndGlobalSection
	GlobalSection(ExtensibilityGlobals) = postSolution
		SolutionGuid = {EA813F4A-6E6D-4469-BA62-C7DB1930DE73}
	EndGlobalSection
EndGlobal
