
Microsoft Visual Studio Solution File, Format Version 12.00
# Visual Studio Version 17
VisualStudioVersion = 17.14.36429.23 d17.14
MinimumVisualStudioVersion = 10.0.40219.1
Project("{888888A0-9F3D-457C-B088-3A5042F75D52}") = "problem3", "problem3.pyproj", "{4A3721F8-3C55-472C-AE4A-EE26BFFFFDE1}"
EndProject
Global
	GlobalSection(SolutionConfigurationPlatforms) = preSolution
		Debug|Any CPU = Debug|Any CPU
		Release|Any CPU = Release|Any CPU
	EndGlobalSection
	GlobalSection(ProjectConfigurationPlatforms) = postSolution
		{4A3721F8-3C55-472C-AE4A-EE26BFFFFDE1}.Debug|Any CPU.ActiveCfg = Debug|Any CPU
		{4A3721F8-3C55-472C-AE4A-EE26BFFFFDE1}.Release|Any CPU.ActiveCfg = Release|Any CPU
	EndGlobalSection
	GlobalSection(SolutionProperties) = preSolution
		HideSolutionNode = FALSE
	EndGlobalSection
	GlobalSection(ExtensibilityGlobals) = postSolution
		SolutionGuid = {469B52A0-356A-482B-91D6-6F312F9BF581}
	EndGlobalSection
EndGlobal
