
Microsoft Visual Studio Solution File, Format Version 12.00
# Visual Studio Version 17
VisualStudioVersion = 17.11.35312.102
MinimumVisualStudioVersion = 10.0.40219.1
Project("{888888A0-9F3D-457C-B088-3A5042F75D52}") = "problem1", "problem1.pyproj", "{7BB1A632-4E48-4DB8-878C-A96C176AC45F}"
EndProject
Global
	GlobalSection(SolutionConfigurationPlatforms) = preSolution
		Debug|Any CPU = Debug|Any CPU
		Release|Any CPU = Release|Any CPU
	EndGlobalSection
	GlobalSection(ProjectConfigurationPlatforms) = postSolution
		{7BB1A632-4E48-4DB8-878C-A96C176AC45F}.Debug|Any CPU.ActiveCfg = Debug|Any CPU
		{7BB1A632-4E48-4DB8-878C-A96C176AC45F}.Release|Any CPU.ActiveCfg = Release|Any CPU
	EndGlobalSection
	GlobalSection(SolutionProperties) = preSolution
		HideSolutionNode = FALSE
	EndGlobalSection
	GlobalSection(ExtensibilityGlobals) = postSolution
		SolutionGuid = {13FB656C-BA66-4685-8D27-FDA8C732451A}
	EndGlobalSection
EndGlobal
